
Microsoft Visual Studio Solution File, Format Version 12.00
# Visual Studio Version 17
VisualStudioVersion = 17.14.36705.20 d17.14
MinimumVisualStudioVersion = 10.0.40219.1
Project("{C7167F0D-BC9F-4E6E-AFE1-012C56B48DB5}") = "StickyCutie.Package", "StickyCutie.Package\StickyCutie.Package.wapproj", "{109A11D8-5226-450D-8780-C7F60708C842}"
EndProject
Project("{FAE04EC0-301F-11D3-BF4B-00C04F79EFBC}") = "StickyCutie.Wpf", "..\StickyCutie.Wpf\StickyCutie.Wpf.csproj", "{0BDC7D15-AA4D-0B94-CB41-15098516EDE7}"
EndProject
Global
	GlobalSection(SolutionConfigurationPlatforms) = preSolution
		Debug|Any CPU = Debug|Any CPU
		Debug|ARM = Debug|ARM
		Debug|ARM64 = Debug|ARM64
		Debug|x64 = Debug|x64
		Debug|x86 = Debug|x86
		Release|Any CPU = Release|Any CPU
		Release|ARM = Release|ARM
		Release|ARM64 = Release|ARM64
		Release|x64 = Release|x64
		Release|x86 = Release|x86
	EndGlobalSection
	GlobalSection(ProjectConfigurationPlatforms) = postSolution
		{109A11D8-5226-450D-8780-C7F60708C842}.Debug|Any CPU.ActiveCfg = Debug|Any CPU
		{109A11D8-5226-450D-8780-C7F60708C842}.Debug|Any CPU.Build.0 = Debug|Any CPU
		{109A11D8-5226-450D-8780-C7F60708C842}.Debug|Any CPU.Deploy.0 = Debug|Any CPU
		{109A11D8-5226-450D-8780-C7F60708C842}.Debug|ARM.ActiveCfg = Debug|ARM
		{109A11D8-5226-450D-8780-C7F60708C842}.Debug|ARM.Build.0 = Debug|ARM
		{109A11D8-5226-450D-8780-C7F60708C842}.Debug|ARM.Deploy.0 = Debug|ARM
		{109A11D8-5226-450D-8780-C7F60708C842}.Debug|ARM64.ActiveCfg = Debug|ARM64
		{109A11D8-5226-450D-8780-C7F60708C842}.Debug|ARM64.Build.0 = Debug|ARM64
		{109A11D8-5226-450D-8780-C7F60708C842}.Debug|ARM64.Deploy.0 = Debug|ARM64
		{109A11D8-5226-450D-8780-C7F60708C842}.Debug|x64.ActiveCfg = Debug|x64
		{109A11D8-5226-450D-8780-C7F60708C842}.Debug|x64.Build.0 = Debug|x64
		{109A11D8-5226-450D-8780-C7F60708C842}.Debug|x64.Deploy.0 = Debug|x64
		{109A11D8-5226-450D-8780-C7F60708C842}.Debug|x86.ActiveCfg = Debug|x86
		{109A11D8-5226-450D-8780-C7F60708C842}.Debug|x86.Build.0 = Debug|x86
		{109A11D8-5226-450D-8780-C7F60708C842}.Debug|x86.Deploy.0 = Debug|x86
		{109A11D8-5226-450D-8780-C7F60708C842}.Release|Any CPU.ActiveCfg = Release|Any CPU
		{109A11D8-5226-450D-8780-C7F60708C842}.Release|Any CPU.Build.0 = Release|Any CPU
		{109A11D8-5226-450D-8780-C7F60708C842}.Release|Any CPU.Deploy.0 = Release|Any CPU
		{109A11D8-5226-450D-8780-C7F60708C842}.Release|ARM.ActiveCfg = Release|ARM
		{109A11D8-5226-450D-8780-C7F60708C842}.Release|ARM.Build.0 = Release|ARM
		{109A11D8-5226-450D-8780-C7F60708C842}.Release|ARM.Deploy.0 = Release|ARM
		{109A11D8-5226-450D-8780-C7F60708C842}.Release|ARM64.ActiveCfg = Release|ARM64
		{109A11D8-5226-450D-8780-C7F60708C842}.Release|ARM64.Build.0 = Release|ARM64
		{109A11D8-5226-450D-8780-C7F60708C842}.Release|ARM64.Deploy.0 = Release|ARM64
		{109A11D8-5226-450D-8780-C7F60708C842}.Release|x64.ActiveCfg = Release|x64
		{109A11D8-5226-450D-8780-C7F60708C842}.Release|x64.Build.0 = Release|x64
		{109A11D8-5226-450D-8780-C7F60708C842}.Release|x64.Deploy.0 = Release|x64
		{109A11D8-5226-450D-8780-C7F60708C842}.Release|x86.ActiveCfg = Release|x86
		{109A11D8-5226-450D-8780-C7F60708C842}.Release|x86.Build.0 = Release|x86
		{109A11D8-5226-450D-8780-C7F60708C842}.Release|x86.Deploy.0 = Release|x86
		{0BDC7D15-AA4D-0B94-CB41-15098516EDE7}.Debug|Any CPU.ActiveCfg = Debug|Any CPU
		{0BDC7D15-AA4D-0B94-CB41-15098516EDE7}.Debug|Any CPU.Build.0 = Debug|Any CPU
		{0BDC7D15-AA4D-0B94-CB41-15098516EDE7}.Debug|ARM.ActiveCfg = Debug|Any CPU
		{0BDC7D15-AA4D-0B94-CB41-15098516EDE7}.Debug|ARM.Build.0 = Debug|Any CPU
		{0BDC7D15-AA4D-0B94-CB41-15098516EDE7}.Debug|ARM64.ActiveCfg = Debug|Any CPU
		{0BDC7D15-AA4D-0B94-CB41-15098516EDE7}.Debug|ARM64.Build.0 = Debug|Any CPU
		{0BDC7D15-AA4D-0B94-CB41-15098516EDE7}.Debug|x64.ActiveCfg = Debug|Any CPU
		{0BDC7D15-AA4D-0B94-CB41-15098516EDE7}.Debug|x64.Build.0 = Debug|Any CPU
		{0BDC7D15-AA4D-0B94-CB41-15098516EDE7}.Debug|x86.ActiveCfg = Debug|Any CPU
		{0BDC7D15-AA4D-0B94-CB41-15098516EDE7}.Debug|x86.Build.0 = Debug|Any CPU
		{0BDC7D15-AA4D-0B94-CB41-15098516EDE7}.Release|Any CPU.ActiveCfg = Release|Any CPU
		{0BDC7D15-AA4D-0B94-CB41-15098516EDE7}.Release|Any CPU.Build.0 = Release|Any CPU
		{0BDC7D15-AA4D-0B94-CB41-15098516EDE7}.Release|ARM.ActiveCfg = Release|Any CPU
		{0BDC7D15-AA4D-0B94-CB41-15098516EDE7}.Release|ARM.Build.0 = Release|Any CPU
		{0BDC7D15-AA4D-0B94-CB41-15098516EDE7}.Release|ARM64.ActiveCfg = Release|Any CPU
		{0BDC7D15-AA4D-0B94-CB41-15098516EDE7}.Release|ARM64.Build.0 = Release|Any CPU
		{0BDC7D15-AA4D-0B94-CB41-15098516EDE7}.Release|x64.ActiveCfg = Release|x64
		{0BDC7D15-AA4D-0B94-CB41-15098516EDE7}.Release|x64.Build.0 = Release|x64
		{0BDC7D15-AA4D-0B94-CB41-15098516EDE7}.Release|x86.ActiveCfg = Release|Any CPU
		{0BDC7D15-AA4D-0B94-CB41-15098516EDE7}.Release|x86.Build.0 = Release|Any CPU
	EndGlobalSection
	GlobalSection(SolutionProperties) = preSolution
		HideSolutionNode = FALSE
	EndGlobalSection
	GlobalSection(ExtensibilityGlobals) = postSolution
		SolutionGuid = {3BDB7DA4-0F2C-4AF1-80FC-37FE69EB8201}
	EndGlobalSection
EndGlobal
